{
  "requires": true,
  "lockfileVersion": 1,
  "dependencies": {
    "keras": {
      "version": "1.0.1",
      "resolved": "https://registry.npmjs.org/keras/-/keras-1.0.1.tgz",
      "integrity": "sha1-UcvxXeKiQQWg+hyy0WuU6osT4cY="
    },
    "nltk": {
      "version": "0.0.1",
      "resolved": "https://registry.npmjs.org/nltk/-/nltk-0.0.1.tgz",
      "integrity": "sha1-/khvMMn7u45DQ4fL2tdL8cxpTXI="
    },
    "node-fetch": {
      "version": "2.6.1",
      "resolved": "https://registry.npmjs.org/node-fetch/-/node-fetch-2.6.1.tgz",
      "integrity": "sha512-V4aYg89jEoVRxRb2fJdAg8FHvI7cEyYdVAh94HH0UIK8oJxUfkjlDQN9RbMx+bEjP7+ggMiFRprSti032Oipxw=="
    },
    "spacy": {
      "version": "0.0.4",
      "resolved": "https://registry.npmjs.org/spacy/-/spacy-0.0.4.tgz",
      "integrity": "sha512-Co39SFfDFBmbONLbUblz6JNVAJv1jXmB4hBNrZoOfZmKzj56noecu8GDNWo1JxeDaETuuzvcOc2N1smMtlfoKw==",
      "requires": {
        "node-fetch": "^2.1.2"
      }
    }
  }
}
